
Microsoft Visual Studio Solution File, Format Version 12.00
# Visual Studio 15
VisualStudioVersion = 15.0.28307.852
MinimumVisualStudioVersion = 10.0.40219.1
Project("{FAE04EC0-301F-11D3-BF4B-00C04F79EFBC}") = "JeuDeCasseBrique", "JeuDeCasseBrique\JeuDeCasseBrique.csproj", "{2EAA857A-DCEF-41DD-BFD8-228BD4834C58}"
EndProject
Global
	GlobalSection(SolutionConfigurationPlatforms) = preSolution
		Debug|Any CPU = Debug|Any CPU
		Release|Any CPU = Release|Any CPU
	EndGlobalSection
	GlobalSection(ProjectConfigurationPlatforms) = postSolution
		{2EAA857A-DCEF-41DD-BFD8-228BD4834C58}.Debug|Any CPU.ActiveCfg = Debug|Any CPU
		{2EAA857A-DCEF-41DD-BFD8-228BD4834C58}.Debug|Any CPU.Build.0 = Debug|Any CPU
		{2EAA857A-DCEF-41DD-BFD8-228BD4834C58}.Release|Any CPU.ActiveCfg = Release|Any CPU
		{2EAA857A-DCEF-41DD-BFD8-228BD4834C58}.Release|Any CPU.Build.0 = Release|Any CPU
	EndGlobalSection
	GlobalSection(SolutionProperties) = preSolution
		HideSolutionNode = FALSE
	EndGlobalSection
	GlobalSection(ExtensibilityGlobals) = postSolution
		SolutionGuid = {04CFB55A-E336-405B-B2C4-9E9E6B85AA68}
	EndGlobalSection
EndGlobal
